
Microsoft Visual Studio Solution File, Format Version 12.00
# Visual Studio Version 16
VisualStudioVersion = 16.0.30523.141
MinimumVisualStudioVersion = 10.0.40219.1
Project("{FAE04EC0-301F-11D3-BF4B-00C04F79EFBC}") = "Temporary", "Temporary\Temporary.csproj", "{35C3B204-8118-4230-A9BA-EA615C4E8964}"
EndProject
Global
	GlobalSection(SolutionConfigurationPlatforms) = preSolution
		Debug|Any CPU = Debug|Any CPU
		Release|Any CPU = Release|Any CPU
	EndGlobalSection
	GlobalSection(ProjectConfigurationPlatforms) = postSolution
		{35C3B204-8118-4230-A9BA-EA615C4E8964}.Debug|Any CPU.ActiveCfg = Debug|Any CPU
		{35C3B204-8118-4230-A9BA-EA615C4E8964}.Debug|Any CPU.Build.0 = Debug|Any CPU
		{35C3B204-8118-4230-A9BA-EA615C4E8964}.Release|Any CPU.ActiveCfg = Release|Any CPU
		{35C3B204-8118-4230-A9BA-EA615C4E8964}.Release|Any CPU.Build.0 = Release|Any CPU
	EndGlobalSection
	GlobalSection(SolutionProperties) = preSolution
		HideSolutionNode = FALSE
	EndGlobalSection
	GlobalSection(ExtensibilityGlobals) = postSolution
		SolutionGuid = {763F857B-5506-47D8-AE0E-4C9F3B3375CB}
	EndGlobalSection
EndGlobal
